// !$*UTF8*$!
{
	archiveVersion = 1;
	classes = {
	};
	objectVersion = 51;
	objects = {

/* Begin PBXBuildFile section */
		8AE072FA137DA2708576369F /* Pods_RunChecker.framework in Frameworks */ = {isa = PBXBuildFile; fileRef = 9798F3421671A116EDB7CA96 /* Pods_RunChecker.framework */; };
		9423F42023867B4C00877C0E /* ResultItem.swift in Sources */ = {isa = PBXBuildFile; fileRef = 9423F41F23867B4C00877C0E /* ResultItem.swift */; };
		94AAEA4C2383BAE700D751BC /* AppDelegate.swift in Sources */ = {isa = PBXBuildFile; fileRef = 94AAEA4B2383BAE700D751BC /* AppDelegate.swift */; };
		94AAEA502383BAE700D751BC /* ViewController.swift in Sources */ = {isa = PBXBuildFile; fileRef = 94AAEA4F2383BAE700D751BC /* ViewController.swift */; };
		94AAEA532383BAE700D751BC /* Main.storyboard in Resources */ = {isa = PBXBuildFile; fileRef = 94AAEA512383BAE700D751BC /* Main.storyboard */; };
		94AAEA552383BB3A00D751BC /* Assets.xcassets in Resources */ = {isa = PBXBuildFile; fileRef = 94AAEA542383BB3A00D751BC /* Assets.xcassets */; };
		94AAEA582383BB3B00D751BC /* LaunchScreen.storyboard in Resources */ = {isa = PBXBuildFile; fileRef = 94AAEA562383BB3B00D751BC /* LaunchScreen.storyboard */; };
		94AAEA612383BBFE00D751BC /* multi_person_mobilenet_v1_075_float.tflite in Resources */ = {isa = PBXBuildFile; fileRef = 94AAEA602383BBFE00D751BC /* multi_person_mobilenet_v1_075_float.tflite */; };
		94AAEA6C2383BCC700D751BC /* ImageProcessor.mm in Sources */ = {isa = PBXBuildFile; fileRef = 94AAEA692383BCC700D751BC /* ImageProcessor.mm */; };
		94AAEA6D2383BCC700D751BC /* NostalgiaCamera.mm in Sources */ = {isa = PBXBuildFile; fileRef = 94AAEA6B2383BCC700D751BC /* NostalgiaCamera.mm */; };
		94AAEA722383BCF900D751BC /* PoseParse.cpp in Sources */ = {isa = PBXBuildFile; fileRef = 94AAEA6E2383BCF900D751BC /* PoseParse.cpp */; };
		94AAEA732383BCF900D751BC /* TfliteWrapper.mm in Sources */ = {isa = PBXBuildFile; fileRef = 94AAEA6F2383BCF900D751BC /* TfliteWrapper.mm */; };
		94AAEA762383BD6500D751BC /* Pose.m in Sources */ = {isa = PBXBuildFile; fileRef = 94AAEA752383BD6500D751BC /* Pose.m */; };
		94AAEA792383C30100D751BC /* PoseDot.m in Sources */ = {isa = PBXBuildFile; fileRef = 94AAEA772383C30100D751BC /* PoseDot.m */; };
		94B28AD72386A84700230838 /* CubicCurveAlgorithm.swift in Sources */ = {isa = PBXBuildFile; fileRef = 94B28AD62386A84700230838 /* CubicCurveAlgorithm.swift */; };
/* End PBXBuildFile section */

/* Begin PBXFileReference section */
		1D8573933C4BC715079A0A21 /* Pods-RunChecker.debug.xcconfig */ = {isa = PBXFileReference; includeInIndex = 1; lastKnownFileType = text.xcconfig; name = "Pods-RunChecker.debug.xcconfig"; path = "Target Support Files/Pods-RunChecker/Pods-RunChecker.debug.xcconfig"; sourceTree = "<group>"; };
		9423F41F23867B4C00877C0E /* ResultItem.swift */ = {isa = PBXFileReference; lastKnownFileType = sourcecode.swift; path = ResultItem.swift; sourceTree = "<group>"; };
		94AAEA482383BAE600D751BC /* RunChecker.app */ = {isa = PBXFileReference; explicitFileType = wrapper.application; includeInIndex = 0; path = RunChecker.app; sourceTree = BUILT_PRODUCTS_DIR; };
		94AAEA4B2383BAE700D751BC /* AppDelegate.swift */ = {isa = PBXFileReference; lastKnownFileType = sourcecode.swift; path = AppDelegate.swift; sourceTree = "<group>"; };
		94AAEA4F2383BAE700D751BC /* ViewController.swift */ = {isa = PBXFileReference; lastKnownFileType = sourcecode.swift; path = ViewController.swift; sourceTree = "<group>"; };
		94AAEA522383BAE700D751BC /* Base */ = {isa = PBXFileReference; lastKnownFileType = file.storyboard; name = Base; path = Base.lproj/Main.storyboard; sourceTree = "<group>"; };
		94AAEA542383BB3A00D751BC /* Assets.xcassets */ = {isa = PBXFileReference; lastKnownFileType = folder.assetcatalog; path = Assets.xcassets; sourceTree = "<group>"; };
		94AAEA572383BB3B00D751BC /* Base */ = {isa = PBXFileReference; lastKnownFileType = file.storyboard; name = Base; path = Base.lproj/LaunchScreen.storyboard; sourceTree = "<group>"; };
		94AAEA592383BB3B00D751BC /* Info.plist */ = {isa = PBXFileReference; lastKnownFileType = text.plist.xml; path = Info.plist; sourceTree = "<group>"; };
		94AAEA602383BBFE00D751BC /* multi_person_mobilenet_v1_075_float.tflite */ = {isa = PBXFileReference; lastKnownFileType = file; path = multi_person_mobilenet_v1_075_float.tflite; sourceTree = "<group>"; };
		94AAEA642383BC5A00D751BC /* RunChecker-Bridging-Header.h */ = {isa = PBXFileReference; lastKnownFileType = sourcecode.c.h; path = "RunChecker-Bridging-Header.h"; sourceTree = "<group>"; };
		94AAEA682383BCC700D751BC /* ImageProcessor.h */ = {isa = PBXFileReference; fileEncoding = 4; lastKnownFileType = sourcecode.c.h; path = ImageProcessor.h; sourceTree = "<group>"; };
		94AAEA692383BCC700D751BC /* ImageProcessor.mm */ = {isa = PBXFileReference; fileEncoding = 4; lastKnownFileType = sourcecode.cpp.objcpp; path = ImageProcessor.mm; sourceTree = "<group>"; };
		94AAEA6A2383BCC700D751BC /* NostalgiaCamera.h */ = {isa = PBXFileReference; fileEncoding = 4; lastKnownFileType = sourcecode.c.h; path = NostalgiaCamera.h; sourceTree = "<group>"; };
		94AAEA6B2383BCC700D751BC /* NostalgiaCamera.mm */ = {isa = PBXFileReference; fileEncoding = 4; lastKnownFileType = sourcecode.cpp.objcpp; path = NostalgiaCamera.mm; sourceTree = "<group>"; };
		94AAEA6E2383BCF900D751BC /* PoseParse.cpp */ = {isa = PBXFileReference; fileEncoding = 4; lastKnownFileType = sourcecode.cpp.cpp; path = PoseParse.cpp; sourceTree = "<group>"; };
		94AAEA6F2383BCF900D751BC /* TfliteWrapper.mm */ = {isa = PBXFileReference; fileEncoding = 4; lastKnownFileType = sourcecode.cpp.objcpp; path = TfliteWrapper.mm; sourceTree = "<group>"; };
		94AAEA702383BCF900D751BC /* PoseParse.hpp */ = {isa = PBXFileReference; fileEncoding = 4; lastKnownFileType = sourcecode.cpp.h; path = PoseParse.hpp; sourceTree = "<group>"; };
		94AAEA712383BCF900D751BC /* TfliteWrapper.h */ = {isa = PBXFileReference; fileEncoding = 4; lastKnownFileType = sourcecode.c.h; path = TfliteWrapper.h; sourceTree = "<group>"; };
		94AAEA742383BD6500D751BC /* Pose.h */ = {isa = PBXFileReference; fileEncoding = 4; lastKnownFileType = sourcecode.c.h; path = Pose.h; sourceTree = "<group>"; };
		94AAEA752383BD6500D751BC /* Pose.m */ = {isa = PBXFileReference; fileEncoding = 4; lastKnownFileType = sourcecode.c.objc; path = Pose.m; sourceTree = "<group>"; };
		94AAEA772383C30100D751BC /* PoseDot.m */ = {isa = PBXFileReference; fileEncoding = 4; lastKnownFileType = sourcecode.c.objc; path = PoseDot.m; sourceTree = "<group>"; };
		94AAEA782383C30100D751BC /* PoseDot.h */ = {isa = PBXFileReference; fileEncoding = 4; lastKnownFileType = sourcecode.c.h; path = PoseDot.h; sourceTree = "<group>"; };
		94B28AD62386A84700230838 /* CubicCurveAlgorithm.swift */ = {isa = PBXFileReference; lastKnownFileType = sourcecode.swift; path = CubicCurveAlgorithm.swift; sourceTree = "<group>"; };
		9798F3421671A116EDB7CA96 /* Pods_RunChecker.framework */ = {isa = PBXFileReference; explicitFileType = wrapper.framework; includeInIndex = 0; path = Pods_RunChecker.framework; sourceTree = BUILT_PRODUCTS_DIR; };
		E6FA5EFC513E0B861837B5F4 /* Pods-RunChecker.release.xcconfig */ = {isa = PBXFileReference; includeInIndex = 1; lastKnownFileType = text.xcconfig; name = "Pods-RunChecker.release.xcconfig"; path = "Target Support Files/Pods-RunChecker/Pods-RunChecker.release.xcconfig"; sourceTree = "<group>"; };
/* End PBXFileReference section */

/* Begin PBXFrameworksBuildPhase section */
		94AAEA452383BAE600D751BC /* Frameworks */ = {
			isa = PBXFrameworksBuildPhase;
			buildActionMask = 2147483647;
			files = (
				8AE072FA137DA2708576369F /* Pods_RunChecker.framework in Frameworks */,
			);
			runOnlyForDeploymentPostprocessing = 0;
		};
/* End PBXFrameworksBuildPhase section */

/* Begin PBXGroup section */
		200251FCCC4C79DA86730AC1 /* Frameworks */ = {
			isa = PBXGroup;
			children = (
				9798F3421671A116EDB7CA96 /* Pods_RunChecker.framework */,
			);
			name = Frameworks;
			sourceTree = "<group>";
		};
		612F45268FDD25FCFDBC220C /* Pods */ = {
			isa = PBXGroup;
			children = (
				1D8573933C4BC715079A0A21 /* Pods-RunChecker.debug.xcconfig */,
				E6FA5EFC513E0B861837B5F4 /* Pods-RunChecker.release.xcconfig */,
			);
			path = Pods;
			sourceTree = "<group>";
		};
		9423F41E23867AF500877C0E /* Analizer */ = {
			isa = PBXGroup;
			children = (
				9423F41F23867B4C00877C0E /* ResultItem.swift */,
				94B28AD62386A84700230838 /* CubicCurveAlgorithm.swift */,
			);
			path = Analizer;
			sourceTree = "<group>";
		};
		94AAEA3F2383BAE500D751BC = {
			isa = PBXGroup;
			children = (
				94AAEA5F2383BBC600D751BC /* Resources */,
				94AAEA4A2383BAE600D751BC /* RunChecker */,
				94AAEA492383BAE600D751BC /* Products */,
				612F45268FDD25FCFDBC220C /* Pods */,
				200251FCCC4C79DA86730AC1 /* Frameworks */,
			);
			sourceTree = "<group>";
		};
		94AAEA492383BAE600D751BC /* Products */ = {
			isa = PBXGroup;
			children = (
				94AAEA482383BAE600D751BC /* RunChecker.app */,
			);
			name = Products;
			sourceTree = "<group>";
		};
		94AAEA4A2383BAE600D751BC /* RunChecker */ = {
			isa = PBXGroup;
			children = (
				9423F41E23867AF500877C0E /* Analizer */,
				94AAEA622383BC0E00D751BC /* PoseProcessor */,
				94AAEA4B2383BAE700D751BC /* AppDelegate.swift */,
				94AAEA4F2383BAE700D751BC /* ViewController.swift */,
				94AAEA512383BAE700D751BC /* Main.storyboard */,
				94AAEA542383BB3A00D751BC /* Assets.xcassets */,
				94AAEA562383BB3B00D751BC /* LaunchScreen.storyboard */,
				94AAEA592383BB3B00D751BC /* Info.plist */,
			);
			path = RunChecker;
			sourceTree = "<group>";
		};
		94AAEA5F2383BBC600D751BC /* Resources */ = {
			isa = PBXGroup;
			children = (
				94AAEA602383BBFE00D751BC /* multi_person_mobilenet_v1_075_float.tflite */,
			);
			path = Resources;
			sourceTree = "<group>";
		};
		94AAEA622383BC0E00D751BC /* PoseProcessor */ = {
			isa = PBXGroup;
			children = (
				94AAEA632383BC2100D751BC /* Pose */,
				94AAEA682383BCC700D751BC /* ImageProcessor.h */,
				94AAEA692383BCC700D751BC /* ImageProcessor.mm */,
				94AAEA6A2383BCC700D751BC /* NostalgiaCamera.h */,
				94AAEA6B2383BCC700D751BC /* NostalgiaCamera.mm */,
				94AAEA6E2383BCF900D751BC /* PoseParse.cpp */,
				94AAEA702383BCF900D751BC /* PoseParse.hpp */,
				94AAEA712383BCF900D751BC /* TfliteWrapper.h */,
				94AAEA6F2383BCF900D751BC /* TfliteWrapper.mm */,
				94AAEA642383BC5A00D751BC /* RunChecker-Bridging-Header.h */,
			);
			path = PoseProcessor;
			sourceTree = "<group>";
		};
		94AAEA632383BC2100D751BC /* Pose */ = {
			isa = PBXGroup;
			children = (
				94AAEA742383BD6500D751BC /* Pose.h */,
				94AAEA752383BD6500D751BC /* Pose.m */,
				94AAEA782383C30100D751BC /* PoseDot.h */,
				94AAEA772383C30100D751BC /* PoseDot.m */,
			);
			path = Pose;
			sourceTree = "<group>";
		};
/* End PBXGroup section */

/* Begin PBXNativeTarget section */
		94AAEA472383BAE600D751BC /* RunChecker */ = {
			isa = PBXNativeTarget;
			buildConfigurationList = 94AAEA5C2383BB3B00D751BC /* Build configuration list for PBXNativeTarget "RunChecker" */;
			buildPhases = (
				D5D119B7484561F6D403FAA3 /* [CP] Check Pods Manifest.lock */,
				94AAEA442383BAE600D751BC /* Sources */,
				94AAEA452383BAE600D751BC /* Frameworks */,
				94AAEA462383BAE600D751BC /* Resources */,
				5560A1A982D70374582E2B13 /* [CP] Embed Pods Frameworks */,
			);
			buildRules = (
			);
			dependencies = (
			);
			name = RunChecker;
			productName = RunChecker;
			productReference = 94AAEA482383BAE600D751BC /* RunChecker.app */;
			productType = "com.apple.product-type.application";
		};
/* End PBXNativeTarget section */

/* Begin PBXProject section */
		94AAEA402383BAE500D751BC /* Project object */ = {
			isa = PBXProject;
			attributes = {
				LastSwiftUpdateCheck = 1120;
				LastUpgradeCheck = 1120;
				ORGANIZATIONNAME = MeadowsPhoneTeam;
				TargetAttributes = {
					94AAEA472383BAE600D751BC = {
						CreatedOnToolsVersion = 11.2.1;
						LastSwiftMigration = 1120;
					};
				};
			};
			buildConfigurationList = 94AAEA432383BAE500D751BC /* Build configuration list for PBXProject "RunChecker" */;
			compatibilityVersion = "Xcode 9.3";
			developmentRegion = en;
			hasScannedForEncodings = 0;
			knownRegions = (
				en,
				Base,
			);
			mainGroup = 94AAEA3F2383BAE500D751BC;
			productRefGroup = 94AAEA492383BAE600D751BC /* Products */;
			projectDirPath = "";
			projectRoot = "";
			targets = (
				94AAEA472383BAE600D751BC /* RunChecker */,
			);
		};
/* End PBXProject section */

/* Begin PBXResourcesBuildPhase section */
		94AAEA462383BAE600D751BC /* Resources */ = {
			isa = PBXResourcesBuildPhase;
			buildActionMask = 2147483647;
			files = (
				94AAEA582383BB3B00D751BC /* LaunchScreen.storyboard in Resources */,
				94AAEA612383BBFE00D751BC /* multi_person_mobilenet_v1_075_float.tflite in Resources */,
				94AAEA552383BB3A00D751BC /* Assets.xcassets in Resources */,
				94AAEA532383BAE700D751BC /* Main.storyboard in Resources */,
			);
			runOnlyForDeploymentPostprocessing = 0;
		};
/* End PBXResourcesBuildPhase section */

/* Begin PBXShellScriptBuildPhase section */
		5560A1A982D70374582E2B13 /* [CP] Embed Pods Frameworks */ = {
			isa = PBXShellScriptBuildPhase;
			buildActionMask = 2147483647;
			files = (
			);
			inputFileListPaths = (
				"${PODS_ROOT}/Target Support Files/Pods-RunChecker/Pods-RunChecker-frameworks-${CONFIGURATION}-input-files.xcfilelist",
			);
			name = "[CP] Embed Pods Frameworks";
			outputFileListPaths = (
				"${PODS_ROOT}/Target Support Files/Pods-RunChecker/Pods-RunChecker-frameworks-${CONFIGURATION}-output-files.xcfilelist",
			);
			runOnlyForDeploymentPostprocessing = 0;
			shellPath = /bin/sh;
			shellScript = "\"${PODS_ROOT}/Target Support Files/Pods-RunChecker/Pods-RunChecker-frameworks.sh\"\n";
			showEnvVarsInLog = 0;
		};
		D5D119B7484561F6D403FAA3 /* [CP] Check Pods Manifest.lock */ = {
			isa = PBXShellScriptBuildPhase;
			buildActionMask = 2147483647;
			files = (
			);
			inputFileListPaths = (
			);
			inputPaths = (
				"${PODS_PODFILE_DIR_PATH}/Podfile.lock",
				"${PODS_ROOT}/Manifest.lock",
			);
			name = "[CP] Check Pods Manifest.lock";
			outputFileListPaths = (
			);
			outputPaths = (
				"$(DERIVED_FILE_DIR)/Pods-RunChecker-checkManifestLockResult.txt",
			);
			runOnlyForDeploymentPostprocessing = 0;
			shellPath = /bin/sh;
			shellScript = "diff \"${PODS_PODFILE_DIR_PATH}/Podfile.lock\" \"${PODS_ROOT}/Manifest.lock\" > /dev/null\nif [ $? != 0 ] ; then\n    # print error to STDERR\n    echo \"error: The sandbox is not in sync with the Podfile.lock. Run 'pod install' or update your CocoaPods installation.\" >&2\n    exit 1\nfi\n# This output is used by Xcode 'outputs' to avoid re-running this script phase.\necho \"SUCCESS\" > \"${SCRIPT_OUTPUT_FILE_0}\"\n";
			showEnvVarsInLog = 0;
		};
/* End PBXShellScriptBuildPhase section */

/* Begin PBXSourcesBuildPhase section */
		94AAEA442383BAE600D751BC /* Sources */ = {
			isa = PBXSourcesBuildPhase;
			buildActionMask = 2147483647;
			files = (
				94AAEA762383BD6500D751BC /* Pose.m in Sources */,
				94B28AD72386A84700230838 /* CubicCurveAlgorithm.swift in Sources */,
				94AAEA6C2383BCC700D751BC /* ImageProcessor.mm in Sources */,
				94AAEA792383C30100D751BC /* PoseDot.m in Sources */,
				94AAEA6D2383BCC700D751BC /* NostalgiaCamera.mm in Sources */,
				9423F42023867B4C00877C0E /* ResultItem.swift in Sources */,
				94AAEA502383BAE700D751BC /* ViewController.swift in Sources */,
				94AAEA722383BCF900D751BC /* PoseParse.cpp in Sources */,
				94AAEA732383BCF900D751BC /* TfliteWrapper.mm in Sources */,
				94AAEA4C2383BAE700D751BC /* AppDelegate.swift in Sources */,
			);
			runOnlyForDeploymentPostprocessing = 0;
		};
/* End PBXSourcesBuildPhase section */

/* Begin PBXVariantGroup section */
		94AAEA512383BAE700D751BC /* Main.storyboard */ = {
			isa = PBXVariantGroup;
			children = (
				94AAEA522383BAE700D751BC /* Base */,
			);
			name = Main.storyboard;
			sourceTree = "<group>";
		};
		94AAEA562383BB3B00D751BC /* LaunchScreen.storyboard */ = {
			isa = PBXVariantGroup;
			children = (
				94AAEA572383BB3B00D751BC /* Base */,
			);
			name = LaunchScreen.storyboard;
			sourceTree = "<group>";
		};
/* End PBXVariantGroup section */

/* Begin XCBuildConfiguration section */
		94AAEA5A2383BB3B00D751BC /* Debug */ = {
			isa = XCBuildConfiguration;
			buildSettings = {
				ALWAYS_SEARCH_USER_PATHS = NO;
				CLANG_ANALYZER_NONNULL = YES;
				CLANG_ANALYZER_NUMBER_OBJECT_CONVERSION = YES_AGGRESSIVE;
				CLANG_CXX_LANGUAGE_STANDARD = "gnu++14";
				CLANG_CXX_LIBRARY = "libc++";
				CLANG_ENABLE_MODULES = YES;
				CLANG_ENABLE_OBJC_ARC = YES;
				CLANG_ENABLE_OBJC_WEAK = YES;
				CLANG_WARN_BLOCK_CAPTURE_AUTORELEASING = YES;
				CLANG_WARN_BOOL_CONVERSION = YES;
				CLANG_WARN_COMMA = YES;
				CLANG_WARN_CONSTANT_CONVERSION = YES;
				CLANG_WARN_DEPRECATED_OBJC_IMPLEMENTATIONS = YES;
				CLANG_WARN_DIRECT_OBJC_ISA_USAGE = YES_ERROR;
				CLANG_WARN_DOCUMENTATION_COMMENTS = YES;
				CLANG_WARN_EMPTY_BODY = YES;
				CLANG_WARN_ENUM_CONVERSION = YES;
				CLANG_WARN_INFINITE_RECURSION = YES;
				CLANG_WARN_INT_CONVERSION = YES;
				CLANG_WARN_NON_LITERAL_NULL_CONVERSION = YES;
				CLANG_WARN_OBJC_IMPLICIT_RETAIN_SELF = YES;
				CLANG_WARN_OBJC_LITERAL_CONVERSION = YES;
				CLANG_WARN_OBJC_ROOT_CLASS = YES_ERROR;
				CLANG_WARN_RANGE_LOOP_ANALYSIS = YES;
				CLANG_WARN_STRICT_PROTOTYPES = YES;
				CLANG_WARN_SUSPICIOUS_MOVE = YES;
				CLANG_WARN_UNGUARDED_AVAILABILITY = YES_AGGRESSIVE;
				CLANG_WARN_UNREACHABLE_CODE = YES;
				CLANG_WARN__DUPLICATE_METHOD_MATCH = YES;
				COPY_PHASE_STRIP = NO;
				DEBUG_INFORMATION_FORMAT = dwarf;
				ENABLE_STRICT_OBJC_MSGSEND = YES;
				ENABLE_TESTABILITY = YES;
				GCC_C_LANGUAGE_STANDARD = gnu11;
				GCC_DYNAMIC_NO_PIC = NO;
				GCC_NO_COMMON_BLOCKS = YES;
				GCC_OPTIMIZATION_LEVEL = 0;
				GCC_PREPROCESSOR_DEFINITIONS = (
					"DEBUG=1",
					"$(inherited)",
				);
				GCC_WARN_64_TO_32_BIT_CONVERSION = YES;
				GCC_WARN_ABOUT_RETURN_TYPE = YES_ERROR;
				GCC_WARN_UNDECLARED_SELECTOR = YES;
				GCC_WARN_UNINITIALIZED_AUTOS = YES_AGGRESSIVE;
				GCC_WARN_UNUSED_FUNCTION = YES;
				GCC_WARN_UNUSED_VARIABLE = YES;
				IPHONEOS_DEPLOYMENT_TARGET = 13.2;
				MTL_ENABLE_DEBUG_INFO = INCLUDE_SOURCE;
				MTL_FAST_MATH = YES;
				ONLY_ACTIVE_ARCH = YES;
				SDKROOT = iphoneos;
				SWIFT_ACTIVE_COMPILATION_CONDITIONS = DEBUG;
				SWIFT_OPTIMIZATION_LEVEL = "-Onone";
			};
			name = Debug;
		};
		94AAEA5B2383BB3B00D751BC /* Release */ = {
			isa = XCBuildConfiguration;
			buildSettings = {
				ALWAYS_SEARCH_USER_PATHS = NO;
				CLANG_ANALYZER_NONNULL = YES;
				CLANG_ANALYZER_NUMBER_OBJECT_CONVERSION = YES_AGGRESSIVE;
				CLANG_CXX_LANGUAGE_STANDARD = "gnu++14";
				CLANG_CXX_LIBRARY = "libc++";
				CLANG_ENABLE_MODULES = YES;
				CLANG_ENABLE_OBJC_ARC = YES;
				CLANG_ENABLE_OBJC_WEAK = YES;
				CLANG_WARN_BLOCK_CAPTURE_AUTORELEASING = YES;
				CLANG_WARN_BOOL_CONVERSION = YES;
				CLANG_WARN_COMMA = YES;
				CLANG_WARN_CONSTANT_CONVERSION = YES;
				CLANG_WARN_DEPRECATED_OBJC_IMPLEMENTATIONS = YES;
				CLANG_WARN_DIRECT_OBJC_ISA_USAGE = YES_ERROR;
				CLANG_WARN_DOCUMENTATION_COMMENTS = YES;
				CLANG_WARN_EMPTY_BODY = YES;
				CLANG_WARN_ENUM_CONVERSION = YES;
				CLANG_WARN_INFINITE_RECURSION = YES;
				CLANG_WARN_INT_CONVERSION = YES;
				CLANG_WARN_NON_LITERAL_NULL_CONVERSION = YES;
				CLANG_WARN_OBJC_IMPLICIT_RETAIN_SELF = YES;
				CLANG_WARN_OBJC_LITERAL_CONVERSION = YES;
				CLANG_WARN_OBJC_ROOT_CLASS = YES_ERROR;
				CLANG_WARN_RANGE_LOOP_ANALYSIS = YES;
				CLANG_WARN_STRICT_PROTOTYPES = YES;
				CLANG_WARN_SUSPICIOUS_MOVE = YES;
				CLANG_WARN_UNGUARDED_AVAILABILITY = YES_AGGRESSIVE;
				CLANG_WARN_UNREACHABLE_CODE = YES;
				CLANG_WARN__DUPLICATE_METHOD_MATCH = YES;
				COPY_PHASE_STRIP = NO;
				DEBUG_INFORMATION_FORMAT = "dwarf-with-dsym";
				ENABLE_NS_ASSERTIONS = NO;
				ENABLE_STRICT_OBJC_MSGSEND = YES;
				GCC_C_LANGUAGE_STANDARD = gnu11;
				GCC_NO_COMMON_BLOCKS = YES;
				GCC_WARN_64_TO_32_BIT_CONVERSION = YES;
				GCC_WARN_ABOUT_RETURN_TYPE = YES_ERROR;
				GCC_WARN_UNDECLARED_SELECTOR = YES;
				GCC_WARN_UNINITIALIZED_AUTOS = YES_AGGRESSIVE;
				GCC_WARN_UNUSED_FUNCTION = YES;
				GCC_WARN_UNUSED_VARIABLE = YES;
				IPHONEOS_DEPLOYMENT_TARGET = 13.2;
				MTL_ENABLE_DEBUG_INFO = NO;
				MTL_FAST_MATH = YES;
				SDKROOT = iphoneos;
				SWIFT_COMPILATION_MODE = wholemodule;
				SWIFT_OPTIMIZATION_LEVEL = "-O";
				VALIDATE_PRODUCT = YES;
			};
			name = Release;
		};
		94AAEA5D2383BB3B00D751BC /* Debug */ = {
			isa = XCBuildConfiguration;
			baseConfigurationReference = 1D8573933C4BC715079A0A21 /* Pods-RunChecker.debug.xcconfig */;
			buildSettings = {
				ASSETCATALOG_COMPILER_APPICON_NAME = AppIcon;
				CLANG_ENABLE_MODULES = YES;
				CODE_SIGN_STYLE = Automatic;
				DEVELOPMENT_TEAM = R24VEDUQ4H;
				INFOPLIST_FILE = RunChecker/Info.plist;
				IPHONEOS_DEPLOYMENT_TARGET = 10.3;
				LD_RUNPATH_SEARCH_PATHS = (
					"$(inherited)",
					"@executable_path/Frameworks",
				);
				PRODUCT_BUNDLE_IDENTIFIER = com.meadowsphone.RunChecker;
				PRODUCT_NAME = "$(TARGET_NAME)";
				SWIFT_OBJC_BRIDGING_HEADER = "RunChecker/PoseProcessor/RunChecker-Bridging-Header.h";
				SWIFT_OPTIMIZATION_LEVEL = "-Onone";
				SWIFT_VERSION = 5.0;
				TARGETED_DEVICE_FAMILY = "1,2";
			};
			name = Debug;
		};
		94AAEA5E2383BB3B00D751BC /* Release */ = {
			isa = XCBuildConfiguration;
			baseConfigurationReference = E6FA5EFC513E0B861837B5F4 /* Pods-RunChecker.release.xcconfig */;
			buildSettings = {
				ASSETCATALOG_COMPILER_APPICON_NAME = AppIcon;
				CLANG_ENABLE_MODULES = YES;
				CODE_SIGN_STYLE = Automatic;
				DEVELOPMENT_TEAM = R24VEDUQ4H;
				INFOPLIST_FILE = RunChecker/Info.plist;
				IPHONEOS_DEPLOYMENT_TARGET = 10.3;
				LD_RUNPATH_SEARCH_PATHS = (
					"$(inherited)",
					"@executable_path/Frameworks",
				);
				PRODUCT_BUNDLE_IDENTIFIER = com.meadowsphone.RunChecker;
				PRODUCT_NAME = "$(TARGET_NAME)";
				SWIFT_OBJC_BRIDGING_HEADER = "RunChecker/PoseProcessor/RunChecker-Bridging-Header.h";
				SWIFT_VERSION = 5.0;
				TARGETED_DEVICE_FAMILY = "1,2";
			};
			name = Release;
		};
/* End XCBuildConfiguration section */

/* Begin XCConfigurationList section */
		94AAEA432383BAE500D751BC /* Build configuration list for PBXProject "RunChecker" */ = {
			isa = XCConfigurationList;
			buildConfigurations = (
				94AAEA5A2383BB3B00D751BC /* Debug */,
				94AAEA5B2383BB3B00D751BC /* Release */,
			);
			defaultConfigurationIsVisible = 0;
			defaultConfigurationName = Release;
		};
		94AAEA5C2383BB3B00D751BC /* Build configuration list for PBXNativeTarget "RunChecker" */ = {
			isa = XCConfigurationList;
			buildConfigurations = (
				94AAEA5D2383BB3B00D751BC /* Debug */,
				94AAEA5E2383BB3B00D751BC /* Release */,
			);
			defaultConfigurationIsVisible = 0;
			defaultConfigurationName = Release;
		};
/* End XCConfigurationList section */
	};
	rootObject = 94AAEA402383BAE500D751BC /* Project object */;
}
