// !$*UTF8*$!
{
	archiveVersion = 1;
	classes = {
	};
	objectVersion = 50;
	objects = {

/* Begin PBXBuildFile section */
		94AAEA4C2383BAE700D751BC /* AppDelegate.swift in Sources */ = {isa = PBXBuildFile; fileRef = 94AAEA4B2383BAE700D751BC /* AppDelegate.swift */; };
		94AAEA4E2383BAE700D751BC /* SceneDelegate.swift in Sources */ = {isa = PBXBuildFile; fileRef = 94AAEA4D2383BAE700D751BC /* SceneDelegate.swift */; };
		94AAEA502383BAE700D751BC /* ViewController.swift in Sources */ = {isa = PBXBuildFile; fileRef = 94AAEA4F2383BAE700D751BC /* ViewController.swift */; };
		94AAEA532383BAE700D751BC /* Main.storyboard in Resources */ = {isa = PBXBuildFile; fileRef = 94AAEA512383BAE700D751BC /* Main.storyboard */; };
		94AAEA552383BB3A00D751BC /* Assets.xcassets in Resources */ = {isa = PBXBuildFile; fileRef = 94AAEA542383BB3A00D751BC /* Assets.xcassets */; };
		94AAEA582383BB3B00D751BC /* LaunchScreen.storyboard in Resources */ = {isa = PBXBuildFile; fileRef = 94AAEA562383BB3B00D751BC /* LaunchScreen.storyboard */; };
/* End PBXBuildFile section */

/* Begin PBXFileReference section */
		94AAEA482383BAE600D751BC /* RunChecker.app */ = {isa = PBXFileReference; explicitFileType = wrapper.application; includeInIndex = 0; path = RunChecker.app; sourceTree = BUILT_PRODUCTS_DIR; };
		94AAEA4B2383BAE700D751BC /* AppDelegate.swift */ = {isa = PBXFileReference; lastKnownFileType = sourcecode.swift; path = AppDelegate.swift; sourceTree = "<group>"; };
		94AAEA4D2383BAE700D751BC /* SceneDelegate.swift */ = {isa = PBXFileReference; lastKnownFileType = sourcecode.swift; path = SceneDelegate.swift; sourceTree = "<group>"; };
		94AAEA4F2383BAE700D751BC /* ViewController.swift */ = {isa = PBXFileReference; lastKnownFileType = sourcecode.swift; path = ViewController.swift; sourceTree = "<group>"; };
		94AAEA522383BAE700D751BC /* Base */ = {isa = PBXFileReference; lastKnownFileType = file.storyboard; name = Base; path = Base.lproj/Main.storyboard; sourceTree = "<group>"; };
		94AAEA542383BB3A00D751BC /* Assets.xcassets */ = {isa = PBXFileReference; lastKnownFileType = folder.assetcatalog; path = Assets.xcassets; sourceTree = "<group>"; };
		94AAEA572383BB3B00D751BC /* Base */ = {isa = PBXFileReference; lastKnownFileType = file.storyboard; name = Base; path = Base.lproj/LaunchScreen.storyboard; sourceTree = "<group>"; };
		94AAEA592383BB3B00D751BC /* Info.plist */ = {isa = PBXFileReference; lastKnownFileType = text.plist.xml; path = Info.plist; sourceTree = "<group>"; };
/* End PBXFileReference section */

/* Begin PBXFrameworksBuildPhase section */
		94AAEA452383BAE600D751BC /* Frameworks */ = {
			isa = PBXFrameworksBuildPhase;
			buildActionMask = 2147483647;
			files = (
			);
			runOnlyForDeploymentPostprocessing = 0;
		};
/* End PBXFrameworksBuildPhase section */

/* Begin PBXGroup section */
		94AAEA3F2383BAE500D751BC = {
			isa = PBXGroup;
			children = (
				94AAEA4A2383BAE600D751BC /* RunChecker */,
				94AAEA492383BAE600D751BC /* Products */,
			);
			sourceTree = "<group>";
		};
		94AAEA492383BAE600D751BC /* Products */ = {
			isa = PBXGroup;
			children = (
				94AAEA482383BAE600D751BC /* RunChecker.app */,
			);
			name = Products;
			sourceTree = "<group>";
		};
		94AAEA4A2383BAE600D751BC /* RunChecker */ = {
			isa = PBXGroup;
			children = (
				94AAEA4B2383BAE700D751BC /* AppDelegate.swift */,
				94AAEA4D2383BAE700D751BC /* SceneDelegate.swift */,
				94AAEA4F2383BAE700D751BC /* ViewController.swift */,
				94AAEA512383BAE700D751BC /* Main.storyboard */,
				94AAEA542383BB3A00D751BC /* Assets.xcassets */,
				94AAEA562383BB3B00D751BC /* LaunchScreen.storyboard */,
				94AAEA592383BB3B00D751BC /* Info.plist */,
			);
			path = RunChecker;
			sourceTree = "<group>";
		};
/* End PBXGroup section */

/* Begin PBXNativeTarget section */
		94AAEA472383BAE600D751BC /* RunChecker */ = {
			isa = PBXNativeTarget;
			buildConfigurationList = 94AAEA5C2383BB3B00D751BC /* Build configuration list for PBXNativeTarget "RunChecker" */;
			buildPhases = (
				94AAEA442383BAE600D751BC /* Sources */,
				94AAEA452383BAE600D751BC /* Frameworks */,
				94AAEA462383BAE600D751BC /* Resources */,
			);
			buildRules = (
			);
			dependencies = (
			);
			name = RunChecker;
			productName = RunChecker;
			productReference = 94AAEA482383BAE600D751BC /* RunChecker.app */;
			productType = "com.apple.product-type.application";
		};
/* End PBXNativeTarget section */

/* Begin PBXProject section */
		94AAEA402383BAE500D751BC /* Project object */ = {
			isa = PBXProject;
			attributes = {
				LastSwiftUpdateCheck = 1120;
				LastUpgradeCheck = 1120;
				ORGANIZATIONNAME = MeadowsPhoneTeam;
				TargetAttributes = {
					94AAEA472383BAE600D751BC = {
						CreatedOnToolsVersion = 11.2.1;
					};
				};
			};
			buildConfigurationList = 94AAEA432383BAE500D751BC /* Build configuration list for PBXProject "RunChecker" */;
			compatibilityVersion = "Xcode 9.3";
			developmentRegion = en;
			hasScannedForEncodings = 0;
			knownRegions = (
				en,
				Base,
			);
			mainGroup = 94AAEA3F2383BAE500D751BC;
			productRefGroup = 94AAEA492383BAE600D751BC /* Products */;
			projectDirPath = "";
			projectRoot = "";
			targets = (
				94AAEA472383BAE600D751BC /* RunChecker */,
			);
		};
/* End PBXProject section */

/* Begin PBXResourcesBuildPhase section */
		94AAEA462383BAE600D751BC /* Resources */ = {
			isa = PBXResourcesBuildPhase;
			buildActionMask = 2147483647;
			files = (
				94AAEA582383BB3B00D751BC /* LaunchScreen.storyboard in Resources */,
				94AAEA552383BB3A00D751BC /* Assets.xcassets in Resources */,
				94AAEA532383BAE700D751BC /* Main.storyboard in Resources */,
			);
			runOnlyForDeploymentPostprocessing = 0;
		};
/* End PBXResourcesBuildPhase section */

/* Begin PBXSourcesBuildPhase section */
		94AAEA442383BAE600D751BC /* Sources */ = {
			isa = PBXSourcesBuildPhase;
			buildActionMask = 2147483647;
			files = (
				94AAEA502383BAE700D751BC /* ViewController.swift in Sources */,
				94AAEA4C2383BAE700D751BC /* AppDelegate.swift in Sources */,
				94AAEA4E2383BAE700D751BC /* SceneDelegate.swift in Sources */,
			);
			runOnlyForDeploymentPostprocessing = 0;
		};
/* End PBXSourcesBuildPhase section */

/* Begin PBXVariantGroup section */
		94AAEA512383BAE700D751BC /* Main.storyboard */ = {
			isa = PBXVariantGroup;
			children = (
				94AAEA522383BAE700D751BC /* Base */,
			);
			name = Main.storyboard;
			sourceTree = "<group>";
		};
		94AAEA562383BB3B00D751BC /* LaunchScreen.storyboard */ = {
			isa = PBXVariantGroup;
			children = (
				94AAEA572383BB3B00D751BC /* Base */,
			);
			name = LaunchScreen.storyboard;
			sourceTree = "<group>";
		};
/* End PBXVariantGroup section */

/* Begin XCBuildConfiguration section */
		94AAEA5A2383BB3B00D751BC /* Debug */ = {
			isa = XCBuildConfiguration;
			buildSettings = {
				ALWAYS_SEARCH_USER_PATHS = NO;
				CLANG_ANALYZER_NONNULL = YES;
				CLANG_ANALYZER_NUMBER_OBJECT_CONVERSION = YES_AGGRESSIVE;
				CLANG_CXX_LANGUAGE_STANDARD = "gnu++14";
				CLANG_CXX_LIBRARY = "libc++";
				CLANG_ENABLE_MODULES = YES;
				CLANG_ENABLE_OBJC_ARC = YES;
				CLANG_ENABLE_OBJC_WEAK = YES;
				CLANG_WARN_BLOCK_CAPTURE_AUTORELEASING = YES;
				CLANG_WARN_BOOL_CONVERSION = YES;
				CLANG_WARN_COMMA = YES;
				CLANG_WARN_CONSTANT_CONVERSION = YES;
				CLANG_WARN_DEPRECATED_OBJC_IMPLEMENTATIONS = YES;
				CLANG_WARN_DIRECT_OBJC_ISA_USAGE = YES_ERROR;
				CLANG_WARN_DOCUMENTATION_COMMENTS = YES;
				CLANG_WARN_EMPTY_BODY = YES;
				CLANG_WARN_ENUM_CONVERSION = YES;
				CLANG_WARN_INFINITE_RECURSION = YES;
				CLANG_WARN_INT_CONVERSION = YES;
				CLANG_WARN_NON_LITERAL_NULL_CONVERSION = YES;
				CLANG_WARN_OBJC_IMPLICIT_RETAIN_SELF = YES;
				CLANG_WARN_OBJC_LITERAL_CONVERSION = YES;
				CLANG_WARN_OBJC_ROOT_CLASS = YES_ERROR;
				CLANG_WARN_RANGE_LOOP_ANALYSIS = YES;
				CLANG_WARN_STRICT_PROTOTYPES = YES;
				CLANG_WARN_SUSPICIOUS_MOVE = YES;
				CLANG_WARN_UNGUARDED_AVAILABILITY = YES_AGGRESSIVE;
				CLANG_WARN_UNREACHABLE_CODE = YES;
				CLANG_WARN__DUPLICATE_METHOD_MATCH = YES;
				COPY_PHASE_STRIP = NO;
				DEBUG_INFORMATION_FORMAT = dwarf;
				ENABLE_STRICT_OBJC_MSGSEND = YES;
				ENABLE_TESTABILITY = YES;
				GCC_C_LANGUAGE_STANDARD = gnu11;
				GCC_DYNAMIC_NO_PIC = NO;
				GCC_NO_COMMON_BLOCKS = YES;
				GCC_OPTIMIZATION_LEVEL = 0;
				GCC_PREPROCESSOR_DEFINITIONS = (
					"DEBUG=1",
					"$(inherited)",
				);
				GCC_WARN_64_TO_32_BIT_CONVERSION = YES;
				GCC_WARN_ABOUT_RETURN_TYPE = YES_ERROR;
				GCC_WARN_UNDECLARED_SELECTOR = YES;
				GCC_WARN_UNINITIALIZED_AUTOS = YES_AGGRESSIVE;
				GCC_WARN_UNUSED_FUNCTION = YES;
				GCC_WARN_UNUSED_VARIABLE = YES;
				IPHONEOS_DEPLOYMENT_TARGET = 13.2;
				MTL_ENABLE_DEBUG_INFO = INCLUDE_SOURCE;
				MTL_FAST_MATH = YES;
				ONLY_ACTIVE_ARCH = YES;
				SDKROOT = iphoneos;
				SWIFT_ACTIVE_COMPILATION_CONDITIONS = DEBUG;
				SWIFT_OPTIMIZATION_LEVEL = "-Onone";
			};
			name = Debug;
		};
		94AAEA5B2383BB3B00D751BC /* Release */ = {
			isa = XCBuildConfiguration;
			buildSettings = {
				ALWAYS_SEARCH_USER_PATHS = NO;
				CLANG_ANALYZER_NONNULL = YES;
				CLANG_ANALYZER_NUMBER_OBJECT_CONVERSION = YES_AGGRESSIVE;
				CLANG_CXX_LANGUAGE_STANDARD = "gnu++14";
				CLANG_CXX_LIBRARY = "libc++";
				CLANG_ENABLE_MODULES = YES;
				CLANG_ENABLE_OBJC_ARC = YES;
				CLANG_ENABLE_OBJC_WEAK = YES;
				CLANG_WARN_BLOCK_CAPTURE_AUTORELEASING = YES;
				CLANG_WARN_BOOL_CONVERSION = YES;
				CLANG_WARN_COMMA = YES;
				CLANG_WARN_CONSTANT_CONVERSION = YES;
				CLANG_WARN_DEPRECATED_OBJC_IMPLEMENTATIONS = YES;
				CLANG_WARN_DIRECT_OBJC_ISA_USAGE = YES_ERROR;
				CLANG_WARN_DOCUMENTATION_COMMENTS = YES;
				CLANG_WARN_EMPTY_BODY = YES;
				CLANG_WARN_ENUM_CONVERSION = YES;
				CLANG_WARN_INFINITE_RECURSION = YES;
				CLANG_WARN_INT_CONVERSION = YES;
				CLANG_WARN_NON_LITERAL_NULL_CONVERSION = YES;
				CLANG_WARN_OBJC_IMPLICIT_RETAIN_SELF = YES;
				CLANG_WARN_OBJC_LITERAL_CONVERSION = YES;
				CLANG_WARN_OBJC_ROOT_CLASS = YES_ERROR;
				CLANG_WARN_RANGE_LOOP_ANALYSIS = YES;
				CLANG_WARN_STRICT_PROTOTYPES = YES;
				CLANG_WARN_SUSPICIOUS_MOVE = YES;
				CLANG_WARN_UNGUARDED_AVAILABILITY = YES_AGGRESSIVE;
				CLANG_WARN_UNREACHABLE_CODE = YES;
				CLANG_WARN__DUPLICATE_METHOD_MATCH = YES;
				COPY_PHASE_STRIP = NO;
				DEBUG_INFORMATION_FORMAT = "dwarf-with-dsym";
				ENABLE_NS_ASSERTIONS = NO;
				ENABLE_STRICT_OBJC_MSGSEND = YES;
				GCC_C_LANGUAGE_STANDARD = gnu11;
				GCC_NO_COMMON_BLOCKS = YES;
				GCC_WARN_64_TO_32_BIT_CONVERSION = YES;
				GCC_WARN_ABOUT_RETURN_TYPE = YES_ERROR;
				GCC_WARN_UNDECLARED_SELECTOR = YES;
				GCC_WARN_UNINITIALIZED_AUTOS = YES_AGGRESSIVE;
				GCC_WARN_UNUSED_FUNCTION = YES;
				GCC_WARN_UNUSED_VARIABLE = YES;
				IPHONEOS_DEPLOYMENT_TARGET = 13.2;
				MTL_ENABLE_DEBUG_INFO = NO;
				MTL_FAST_MATH = YES;
				SDKROOT = iphoneos;
				SWIFT_COMPILATION_MODE = wholemodule;
				SWIFT_OPTIMIZATION_LEVEL = "-O";
				VALIDATE_PRODUCT = YES;
			};
			name = Release;
		};
		94AAEA5D2383BB3B00D751BC /* Debug */ = {
			isa = XCBuildConfiguration;
			buildSettings = {
				ASSETCATALOG_COMPILER_APPICON_NAME = AppIcon;
				CODE_SIGN_STYLE = Automatic;
				DEVELOPMENT_TEAM = R24VEDUQ4H;
				INFOPLIST_FILE = RunChecker/Info.plist;
				LD_RUNPATH_SEARCH_PATHS = (
					"$(inherited)",
					"@executable_path/Frameworks",
				);
				PRODUCT_BUNDLE_IDENTIFIER = com.meadowsphone.RunChecker;
				PRODUCT_NAME = "$(TARGET_NAME)";
				SWIFT_VERSION = 5.0;
				TARGETED_DEVICE_FAMILY = "1,2";
			};
			name = Debug;
		};
		94AAEA5E2383BB3B00D751BC /* Release */ = {
			isa = XCBuildConfiguration;
			buildSettings = {
				ASSETCATALOG_COMPILER_APPICON_NAME = AppIcon;
				CODE_SIGN_STYLE = Automatic;
				DEVELOPMENT_TEAM = R24VEDUQ4H;
				INFOPLIST_FILE = RunChecker/Info.plist;
				LD_RUNPATH_SEARCH_PATHS = (
					"$(inherited)",
					"@executable_path/Frameworks",
				);
				PRODUCT_BUNDLE_IDENTIFIER = com.meadowsphone.RunChecker;
				PRODUCT_NAME = "$(TARGET_NAME)";
				SWIFT_VERSION = 5.0;
				TARGETED_DEVICE_FAMILY = "1,2";
			};
			name = Release;
		};
/* End XCBuildConfiguration section */

/* Begin XCConfigurationList section */
		94AAEA432383BAE500D751BC /* Build configuration list for PBXProject "RunChecker" */ = {
			isa = XCConfigurationList;
			buildConfigurations = (
				94AAEA5A2383BB3B00D751BC /* Debug */,
				94AAEA5B2383BB3B00D751BC /* Release */,
			);
			defaultConfigurationIsVisible = 0;
			defaultConfigurationName = Release;
		};
		94AAEA5C2383BB3B00D751BC /* Build configuration list for PBXNativeTarget "RunChecker" */ = {
			isa = XCConfigurationList;
			buildConfigurations = (
				94AAEA5D2383BB3B00D751BC /* Debug */,
				94AAEA5E2383BB3B00D751BC /* Release */,
			);
			defaultConfigurationIsVisible = 0;
			defaultConfigurationName = Release;
		};
/* End XCConfigurationList section */
	};
	rootObject = 94AAEA402383BAE500D751BC /* Project object */;
}
